PODS:
  - JDPhotoBrowser (0.2.0):
    - SDWebImage (~> 4.0.0)
  - SDWebImage (4.0.0):
    - SDWebImage/Core (= 4.0.0)
  - SDWebImage/Core (4.0.0)

DEPENDENCIES:
  - JDPhotoBrowser (from `../`)

EXTERNAL SOURCES:
  JDPhotoBrowser:
    :path: ../

SPEC CHECKSUMS:
  JDPhotoBrowser: 8a0c9e702fb2394bc36f71ed1b491de01c2ea0f5
  SDWebImage: 76a6348bdc74eb5a55dd08a091ef298e56b55e41

PODFILE CHECKSUM: bd23d630744a8589d744bd9a8d20ee6d6268ea0e

COCOAPODS: 1.2.1
