// !$*UTF8*$!
{
	archiveVersion = 1;
	classes = {
	};
	objectVersion = 46;
	objects = {

/* Begin PBXBuildFile section */
		1562AF3B1E9E1DF500D4DC40 /* AppDelegate.swift in Sources */ = {isa = PBXBuildFile; fileRef = 1562AF3A1E9E1DF500D4DC40 /* AppDelegate.swift */; };
		1562AF3D1E9E1DF500D4DC40 /* ViewController.swift in Sources */ = {isa = PBXBuildFile; fileRef = 1562AF3C1E9E1DF500D4DC40 /* ViewController.swift */; };
		1562AF421E9E1DF500D4DC40 /* Assets.xcassets in Resources */ = {isa = PBXBuildFile; fileRef = 1562AF411E9E1DF500D4DC40 /* Assets.xcassets */; };
		1562AF451E9E1DF500D4DC40 /* LaunchScreen.storyboard in Resources */ = {isa = PBXBuildFile; fileRef = 1562AF431E9E1DF500D4DC40 /* LaunchScreen.storyboard */; };
		1562AF501E9E1DF600D4DC40 /* PhotoBrowserTests.swift in Sources */ = {isa = PBXBuildFile; fileRef = 1562AF4F1E9E1DF600D4DC40 /* PhotoBrowserTests.swift */; };
		1562AF5E1E9E1FAC00D4DC40 /* JDPhotoBrowser.swift in Sources */ = {isa = PBXBuildFile; fileRef = 1562AF5C1E9E1FAC00D4DC40 /* JDPhotoBrowser.swift */; };
		1562AF5F1E9E1FAC00D4DC40 /* JDPhotoBrowserCell.swift in Sources */ = {isa = PBXBuildFile; fileRef = 1562AF5D1E9E1FAC00D4DC40 /* JDPhotoBrowserCell.swift */; };
		1562AF631E9E204E00D4DC40 /* UIView+Extension.swift in Sources */ = {isa = PBXBuildFile; fileRef = 1562AF611E9E204E00D4DC40 /* UIView+Extension.swift */; };
		1562AF651E9E266B00D4DC40 /* JDPhotoBrowserAnimator.swift in Sources */ = {isa = PBXBuildFile; fileRef = 1562AF641E9E266B00D4DC40 /* JDPhotoBrowserAnimator.swift */; };
		F34063FBD0E04EF287CF3EA9 /* Pods_PhotoBrowser.framework in Frameworks */ = {isa = PBXBuildFile; fileRef = FF32D22D91A373685D2FD1A9 /* Pods_PhotoBrowser.framework */; };
/* End PBXBuildFile section */

/* Begin PBXContainerItemProxy section */
		1562AF4C1E9E1DF600D4DC40 /* PBXContainerItemProxy */ = {
			isa = PBXContainerItemProxy;
			containerPortal = 1562AF2F1E9E1DF500D4DC40 /* Project object */;
			proxyType = 1;
			remoteGlobalIDString = 1562AF361E9E1DF500D4DC40;
			remoteInfo = PhotoBrowser;
		};
/* End PBXContainerItemProxy section */

/* Begin PBXFileReference section */
		0FF7D72697890CEC5E223D9B /* Pods-PhotoBrowser.release.xcconfig */ = {isa = PBXFileReference; includeInIndex = 1; lastKnownFileType = text.xcconfig; name = "Pods-PhotoBrowser.release.xcconfig"; path = "Pods/Target Support Files/Pods-PhotoBrowser/Pods-PhotoBrowser.release.xcconfig"; sourceTree = "<group>"; };
		1562AF371E9E1DF500D4DC40 /* PhotoBrowser.app */ = {isa = PBXFileReference; explicitFileType = wrapper.application; includeInIndex = 0; path = PhotoBrowser.app; sourceTree = BUILT_PRODUCTS_DIR; };
		1562AF3A1E9E1DF500D4DC40 /* AppDelegate.swift */ = {isa = PBXFileReference; lastKnownFileType = sourcecode.swift; path = AppDelegate.swift; sourceTree = "<group>"; };
		1562AF3C1E9E1DF500D4DC40 /* ViewController.swift */ = {isa = PBXFileReference; lastKnownFileType = sourcecode.swift; path = ViewController.swift; sourceTree = "<group>"; };
		1562AF411E9E1DF500D4DC40 /* Assets.xcassets */ = {isa = PBXFileReference; lastKnownFileType = folder.assetcatalog; path = Assets.xcassets; sourceTree = "<group>"; };
		1562AF441E9E1DF500D4DC40 /* Base */ = {isa = PBXFileReference; lastKnownFileType = file.storyboard; name = Base; path = Base.lproj/LaunchScreen.storyboard; sourceTree = "<group>"; };
		1562AF461E9E1DF500D4DC40 /* Info.plist */ = {isa = PBXFileReference; lastKnownFileType = text.plist.xml; path = Info.plist; sourceTree = "<group>"; };
		1562AF4B1E9E1DF600D4DC40 /* PhotoBrowserTests.xctest */ = {isa = PBXFileReference; explicitFileType = wrapper.cfbundle; includeInIndex = 0; path = PhotoBrowserTests.xctest; sourceTree = BUILT_PRODUCTS_DIR; };
		1562AF4F1E9E1DF600D4DC40 /* PhotoBrowserTests.swift */ = {isa = PBXFileReference; lastKnownFileType = sourcecode.swift; path = PhotoBrowserTests.swift; sourceTree = "<group>"; };
		1562AF511E9E1DF600D4DC40 /* Info.plist */ = {isa = PBXFileReference; lastKnownFileType = text.plist.xml; path = Info.plist; sourceTree = "<group>"; };
		1562AF5C1E9E1FAC00D4DC40 /* JDPhotoBrowser.swift */ = {isa = PBXFileReference; fileEncoding = 4; lastKnownFileType = sourcecode.swift; path = JDPhotoBrowser.swift; sourceTree = "<group>"; };
		1562AF5D1E9E1FAC00D4DC40 /* JDPhotoBrowserCell.swift */ = {isa = PBXFileReference; fileEncoding = 4; lastKnownFileType = sourcecode.swift; path = JDPhotoBrowserCell.swift; sourceTree = "<group>"; };
		1562AF611E9E204E00D4DC40 /* UIView+Extension.swift */ = {isa = PBXFileReference; fileEncoding = 4; lastKnownFileType = sourcecode.swift; path = "UIView+Extension.swift"; sourceTree = "<group>"; };
		1562AF641E9E266B00D4DC40 /* JDPhotoBrowserAnimator.swift */ = {isa = PBXFileReference; fileEncoding = 4; lastKnownFileType = sourcecode.swift; path = JDPhotoBrowserAnimator.swift; sourceTree = "<group>"; };
		76DC3BEC3A547447B54C32AA /* Pods-PhotoBrowser.debug.xcconfig */ = {isa = PBXFileReference; includeInIndex = 1; lastKnownFileType = text.xcconfig; name = "Pods-PhotoBrowser.debug.xcconfig"; path = "Pods/Target Support Files/Pods-PhotoBrowser/Pods-PhotoBrowser.debug.xcconfig"; sourceTree = "<group>"; };
		FF32D22D91A373685D2FD1A9 /* Pods_PhotoBrowser.framework */ = {isa = PBXFileReference; explicitFileType = wrapper.framework; includeInIndex = 0; path = Pods_PhotoBrowser.framework; sourceTree = BUILT_PRODUCTS_DIR; };
/* End PBXFileReference section */

/* Begin PBXFrameworksBuildPhase section */
		1562AF341E9E1DF500D4DC40 /* Frameworks */ = {
			isa = PBXFrameworksBuildPhase;
			buildActionMask = 2147483647;
			files = (
				F34063FBD0E04EF287CF3EA9 /* Pods_PhotoBrowser.framework in Frameworks */,
			);
			runOnlyForDeploymentPostprocessing = 0;
		};
		1562AF481E9E1DF600D4DC40 /* Frameworks */ = {
			isa = PBXFrameworksBuildPhase;
			buildActionMask = 2147483647;
			files = (
			);
			runOnlyForDeploymentPostprocessing = 0;
		};
/* End PBXFrameworksBuildPhase section */

/* Begin PBXGroup section */
		1562AF2E1E9E1DF500D4DC40 = {
			isa = PBXGroup;
			children = (
				1562AF391E9E1DF500D4DC40 /* PhotoBrowser */,
				1562AF4E1E9E1DF600D4DC40 /* PhotoBrowserTests */,
				1562AF381E9E1DF500D4DC40 /* Products */,
				5F52404E5173E7DA3156F86A /* Pods */,
				3AA0A4CC7DF9934941BE52EA /* Frameworks */,
			);
			sourceTree = "<group>";
		};
		1562AF381E9E1DF500D4DC40 /* Products */ = {
			isa = PBXGroup;
			children = (
				1562AF371E9E1DF500D4DC40 /* PhotoBrowser.app */,
				1562AF4B1E9E1DF600D4DC40 /* PhotoBrowserTests.xctest */,
			);
			name = Products;
			sourceTree = "<group>";
		};
		1562AF391E9E1DF500D4DC40 /* PhotoBrowser */ = {
			isa = PBXGroup;
			children = (
				1562AF661E9E267300D4DC40 /* JDBrowser */,
				1562AF3A1E9E1DF500D4DC40 /* AppDelegate.swift */,
				1562AF3C1E9E1DF500D4DC40 /* ViewController.swift */,
				1562AF411E9E1DF500D4DC40 /* Assets.xcassets */,
				1562AF431E9E1DF500D4DC40 /* LaunchScreen.storyboard */,
				1562AF461E9E1DF500D4DC40 /* Info.plist */,
			);
			path = PhotoBrowser;
			sourceTree = "<group>";
		};
		1562AF4E1E9E1DF600D4DC40 /* PhotoBrowserTests */ = {
			isa = PBXGroup;
			children = (
				1562AF4F1E9E1DF600D4DC40 /* PhotoBrowserTests.swift */,
				1562AF511E9E1DF600D4DC40 /* Info.plist */,
			);
			path = PhotoBrowserTests;
			sourceTree = "<group>";
		};
		1562AF661E9E267300D4DC40 /* JDBrowser */ = {
			isa = PBXGroup;
			children = (
				1562AF611E9E204E00D4DC40 /* UIView+Extension.swift */,
				1562AF5C1E9E1FAC00D4DC40 /* JDPhotoBrowser.swift */,
				1562AF5D1E9E1FAC00D4DC40 /* JDPhotoBrowserCell.swift */,
				1562AF641E9E266B00D4DC40 /* JDPhotoBrowserAnimator.swift */,
			);
			name = JDBrowser;
			sourceTree = "<group>";
		};
		3AA0A4CC7DF9934941BE52EA /* Frameworks */ = {
			isa = PBXGroup;
			children = (
				FF32D22D91A373685D2FD1A9 /* Pods_PhotoBrowser.framework */,
			);
			name = Frameworks;
			sourceTree = "<group>";
		};
		5F52404E5173E7DA3156F86A /* Pods */ = {
			isa = PBXGroup;
			children = (
				76DC3BEC3A547447B54C32AA /* Pods-PhotoBrowser.debug.xcconfig */,
				0FF7D72697890CEC5E223D9B /* Pods-PhotoBrowser.release.xcconfig */,
			);
			name = Pods;
			sourceTree = "<group>";
		};
/* End PBXGroup section */

/* Begin PBXNativeTarget section */
		1562AF361E9E1DF500D4DC40 /* PhotoBrowser */ = {
			isa = PBXNativeTarget;
			buildConfigurationList = 1562AF541E9E1DF600D4DC40 /* Build configuration list for PBXNativeTarget "PhotoBrowser" */;
			buildPhases = (
				E56F75D135700AFE2EBC3D37 /* [CP] Check Pods Manifest.lock */,
				1562AF331E9E1DF500D4DC40 /* Sources */,
				1562AF341E9E1DF500D4DC40 /* Frameworks */,
				1562AF351E9E1DF500D4DC40 /* Resources */,
				88014D91093239D6A1B49791 /* [CP] Embed Pods Frameworks */,
				63973687FE5540FAA394374F /* [CP] Copy Pods Resources */,
			);
			buildRules = (
			);
			dependencies = (
			);
			name = PhotoBrowser;
			productName = PhotoBrowser;
			productReference = 1562AF371E9E1DF500D4DC40 /* PhotoBrowser.app */;
			productType = "com.apple.product-type.application";
		};
		1562AF4A1E9E1DF600D4DC40 /* PhotoBrowserTests */ = {
			isa = PBXNativeTarget;
			buildConfigurationList = 1562AF571E9E1DF600D4DC40 /* Build configuration list for PBXNativeTarget "PhotoBrowserTests" */;
			buildPhases = (
				1562AF471E9E1DF600D4DC40 /* Sources */,
				1562AF481E9E1DF600D4DC40 /* Frameworks */,
				1562AF491E9E1DF600D4DC40 /* Resources */,
			);
			buildRules = (
			);
			dependencies = (
				1562AF4D1E9E1DF600D4DC40 /* PBXTargetDependency */,
			);
			name = PhotoBrowserTests;
			productName = PhotoBrowserTests;
			productReference = 1562AF4B1E9E1DF600D4DC40 /* PhotoBrowserTests.xctest */;
			productType = "com.apple.product-type.bundle.unit-test";
		};
/* End PBXNativeTarget section */

/* Begin PBXProject section */
		1562AF2F1E9E1DF500D4DC40 /* Project object */ = {
			isa = PBXProject;
			attributes = {
				CLASSPREFIX = "";
				LastSwiftUpdateCheck = 0830;
				LastUpgradeCheck = 0830;
				ORGANIZATIONNAME = 58kuaipai;
				TargetAttributes = {
					1562AF361E9E1DF500D4DC40 = {
						CreatedOnToolsVersion = 8.3;
						DevelopmentTeam = RWG7JD4GFH;
						ProvisioningStyle = Automatic;
					};
					1562AF4A1E9E1DF600D4DC40 = {
						CreatedOnToolsVersion = 8.3;
						ProvisioningStyle = Automatic;
						TestTargetID = 1562AF361E9E1DF500D4DC40;
					};
				};
			};
			buildConfigurationList = 1562AF321E9E1DF500D4DC40 /* Build configuration list for PBXProject "PhotoBrowser" */;
			compatibilityVersion = "Xcode 3.2";
			developmentRegion = English;
			hasScannedForEncodings = 0;
			knownRegions = (
				en,
				Base,
			);
			mainGroup = 1562AF2E1E9E1DF500D4DC40;
			productRefGroup = 1562AF381E9E1DF500D4DC40 /* Products */;
			projectDirPath = "";
			projectRoot = "";
			targets = (
				1562AF361E9E1DF500D4DC40 /* PhotoBrowser */,
				1562AF4A1E9E1DF600D4DC40 /* PhotoBrowserTests */,
			);
		};
/* End PBXProject section */

/* Begin PBXResourcesBuildPhase section */
		1562AF351E9E1DF500D4DC40 /* Resources */ = {
			isa = PBXResourcesBuildPhase;
			buildActionMask = 2147483647;
			files = (
				1562AF451E9E1DF500D4DC40 /* LaunchScreen.storyboard in Resources */,
				1562AF421E9E1DF500D4DC40 /* Assets.xcassets in Resources */,
			);
			runOnlyForDeploymentPostprocessing = 0;
		};
		1562AF491E9E1DF600D4DC40 /* Resources */ = {
			isa = PBXResourcesBuildPhase;
			buildActionMask = 2147483647;
			files = (
			);
			runOnlyForDeploymentPostprocessing = 0;
		};
/* End PBXResourcesBuildPhase section */

/* Begin PBXShellScriptBuildPhase section */
		63973687FE5540FAA394374F /* [CP] Copy Pods Resources */ = {
			isa = PBXShellScriptBuildPhase;
			buildActionMask = 2147483647;
			files = (
			);
			inputPaths = (
			);
			name = "[CP] Copy Pods Resources";
			outputPaths = (
			);
			runOnlyForDeploymentPostprocessing = 0;
			shellPath = /bin/sh;
			shellScript = "\"${SRCROOT}/Pods/Target Support Files/Pods-PhotoBrowser/Pods-PhotoBrowser-resources.sh\"\n";
			showEnvVarsInLog = 0;
		};
		88014D91093239D6A1B49791 /* [CP] Embed Pods Frameworks */ = {
			isa = PBXShellScriptBuildPhase;
			buildActionMask = 2147483647;
			files = (
			);
			inputPaths = (
			);
			name = "[CP] Embed Pods Frameworks";
			outputPaths = (
			);
			runOnlyForDeploymentPostprocessing = 0;
			shellPath = /bin/sh;
			shellScript = "\"${SRCROOT}/Pods/Target Support Files/Pods-PhotoBrowser/Pods-PhotoBrowser-frameworks.sh\"\n";
			showEnvVarsInLog = 0;
		};
		E56F75D135700AFE2EBC3D37 /* [CP] Check Pods Manifest.lock */ = {
			isa = PBXShellScriptBuildPhase;
			buildActionMask = 2147483647;
			files = (
			);
			inputPaths = (
			);
			name = "[CP] Check Pods Manifest.lock";
			outputPaths = (
			);
			runOnlyForDeploymentPostprocessing = 0;
			shellPath = /bin/sh;
			shellScript = "diff \"${PODS_ROOT}/../Podfile.lock\" \"${PODS_ROOT}/Manifest.lock\" > /dev/null\nif [ $? != 0 ] ; then\n    # print error to STDERR\n    echo \"error: The sandbox is not in sync with the Podfile.lock. Run 'pod install' or update your CocoaPods installation.\" >&2\n    exit 1\nfi\n";
			showEnvVarsInLog = 0;
		};
/* End PBXShellScriptBuildPhase section */

/* Begin PBXSourcesBuildPhase section */
		1562AF331E9E1DF500D4DC40 /* Sources */ = {
			isa = PBXSourcesBuildPhase;
			buildActionMask = 2147483647;
			files = (
				1562AF651E9E266B00D4DC40 /* JDPhotoBrowserAnimator.swift in Sources */,
				1562AF631E9E204E00D4DC40 /* UIView+Extension.swift in Sources */,
				1562AF5E1E9E1FAC00D4DC40 /* JDPhotoBrowser.swift in Sources */,
				1562AF5F1E9E1FAC00D4DC40 /* JDPhotoBrowserCell.swift in Sources */,
				1562AF3D1E9E1DF500D4DC40 /* ViewController.swift in Sources */,
				1562AF3B1E9E1DF500D4DC40 /* AppDelegate.swift in Sources */,
			);
			runOnlyForDeploymentPostprocessing = 0;
		};
		1562AF471E9E1DF600D4DC40 /* Sources */ = {
			isa = PBXSourcesBuildPhase;
			buildActionMask = 2147483647;
			files = (
				1562AF501E9E1DF600D4DC40 /* PhotoBrowserTests.swift in Sources */,
			);
			runOnlyForDeploymentPostprocessing = 0;
		};
/* End PBXSourcesBuildPhase section */

/* Begin PBXTargetDependency section */
		1562AF4D1E9E1DF600D4DC40 /* PBXTargetDependency */ = {
			isa = PBXTargetDependency;
			target = 1562AF361E9E1DF500D4DC40 /* PhotoBrowser */;
			targetProxy = 1562AF4C1E9E1DF600D4DC40 /* PBXContainerItemProxy */;
		};
/* End PBXTargetDependency section */

/* Begin PBXVariantGroup section */
		1562AF431E9E1DF500D4DC40 /* LaunchScreen.storyboard */ = {
			isa = PBXVariantGroup;
			children = (
				1562AF441E9E1DF500D4DC40 /* Base */,
			);
			name = LaunchScreen.storyboard;
			sourceTree = "<group>";
		};
/* End PBXVariantGroup section */

/* Begin XCBuildConfiguration section */
		1562AF521E9E1DF600D4DC40 /* Debug */ = {
			isa = XCBuildConfiguration;
			buildSettings = {
				ALWAYS_SEARCH_USER_PATHS = NO;
				CLANG_ANALYZER_NONNULL = YES;
				CLANG_ANALYZER_NUMBER_OBJECT_CONVERSION = YES_AGGRESSIVE;
				CLANG_CXX_LANGUAGE_STANDARD = "gnu++0x";
				CLANG_CXX_LIBRARY = "libc++";
				CLANG_ENABLE_MODULES = YES;
				CLANG_ENABLE_OBJC_ARC = YES;
				CLANG_WARN_BOOL_CONVERSION = YES;
				CLANG_WARN_CONSTANT_CONVERSION = YES;
				CLANG_WARN_DIRECT_OBJC_ISA_USAGE = YES_ERROR;
				CLANG_WARN_DOCUMENTATION_COMMENTS = YES;
				CLANG_WARN_EMPTY_BODY = YES;
				CLANG_WARN_ENUM_CONVERSION = YES;
				CLANG_WARN_INFINITE_RECURSION = YES;
				CLANG_WARN_INT_CONVERSION = YES;
				CLANG_WARN_OBJC_ROOT_CLASS = YES_ERROR;
				CLANG_WARN_SUSPICIOUS_MOVE = YES;
				CLANG_WARN_UNREACHABLE_CODE = YES;
				CLANG_WARN__DUPLICATE_METHOD_MATCH = YES;
				"CODE_SIGN_IDENTITY[sdk=iphoneos*]" = "iPhone Developer";
				COPY_PHASE_STRIP = NO;
				DEBUG_INFORMATION_FORMAT = dwarf;
				ENABLE_STRICT_OBJC_MSGSEND = YES;
				ENABLE_TESTABILITY = YES;
				GCC_C_LANGUAGE_STANDARD = gnu99;
				GCC_DYNAMIC_NO_PIC = NO;
				GCC_NO_COMMON_BLOCKS = YES;
				GCC_OPTIMIZATION_LEVEL = 0;
				GCC_PREPROCESSOR_DEFINITIONS = (
					"DEBUG=1",
					"$(inherited)",
				);
				GCC_WARN_64_TO_32_BIT_CONVERSION = YES;
				GCC_WARN_ABOUT_RETURN_TYPE = YES_ERROR;
				GCC_WARN_UNDECLARED_SELECTOR = YES;
				GCC_WARN_UNINITIALIZED_AUTOS = YES_AGGRESSIVE;
				GCC_WARN_UNUSED_FUNCTION = YES;
				GCC_WARN_UNUSED_VARIABLE = YES;
				IPHONEOS_DEPLOYMENT_TARGET = 10.3;
				MTL_ENABLE_DEBUG_INFO = YES;
				ONLY_ACTIVE_ARCH = YES;
				SDKROOT = iphoneos;
				SWIFT_ACTIVE_COMPILATION_CONDITIONS = DEBUG;
				SWIFT_OPTIMIZATION_LEVEL = "-Onone";
				TARGETED_DEVICE_FAMILY = "1,2";
			};
			name = Debug;
		};
		1562AF531E9E1DF600D4DC40 /* Release */ = {
			isa = XCBuildConfiguration;
			buildSettings = {
				ALWAYS_SEARCH_USER_PATHS = NO;
				CLANG_ANALYZER_NONNULL = YES;
				CLANG_ANALYZER_NUMBER_OBJECT_CONVERSION = YES_AGGRESSIVE;
				CLANG_CXX_LANGUAGE_STANDARD = "gnu++0x";
				CLANG_CXX_LIBRARY = "libc++";
				CLANG_ENABLE_MODULES = YES;
				CLANG_ENABLE_OBJC_ARC = YES;
				CLANG_WARN_BOOL_CONVERSION = YES;
				CLANG_WARN_CONSTANT_CONVERSION = YES;
				CLANG_WARN_DIRECT_OBJC_ISA_USAGE = YES_ERROR;
				CLANG_WARN_DOCUMENTATION_COMMENTS = YES;
				CLANG_WARN_EMPTY_BODY = YES;
				CLANG_WARN_ENUM_CONVERSION = YES;
				CLANG_WARN_INFINITE_RECURSION = YES;
				CLANG_WARN_INT_CONVERSION = YES;
				CLANG_WARN_OBJC_ROOT_CLASS = YES_ERROR;
				CLANG_WARN_SUSPICIOUS_MOVE = YES;
				CLANG_WARN_UNREACHABLE_CODE = YES;
				CLANG_WARN__DUPLICATE_METHOD_MATCH = YES;
				"CODE_SIGN_IDENTITY[sdk=iphoneos*]" = "iPhone Developer";
				COPY_PHASE_STRIP = NO;
				DEBUG_INFORMATION_FORMAT = "dwarf-with-dsym";
				ENABLE_NS_ASSERTIONS = NO;
				ENABLE_STRICT_OBJC_MSGSEND = YES;
				GCC_C_LANGUAGE_STANDARD = gnu99;
				GCC_NO_COMMON_BLOCKS = YES;
				GCC_WARN_64_TO_32_BIT_CONVERSION = YES;
				GCC_WARN_ABOUT_RETURN_TYPE = YES_ERROR;
				GCC_WARN_UNDECLARED_SELECTOR = YES;
				GCC_WARN_UNINITIALIZED_AUTOS = YES_AGGRESSIVE;
				GCC_WARN_UNUSED_FUNCTION = YES;
				GCC_WARN_UNUSED_VARIABLE = YES;
				IPHONEOS_DEPLOYMENT_TARGET = 10.3;
				MTL_ENABLE_DEBUG_INFO = NO;
				SDKROOT = iphoneos;
				SWIFT_OPTIMIZATION_LEVEL = "-Owholemodule";
				TARGETED_DEVICE_FAMILY = "1,2";
				VALIDATE_PRODUCT = YES;
			};
			name = Release;
		};
		1562AF551E9E1DF600D4DC40 /* Debug */ = {
			isa = XCBuildConfiguration;
			baseConfigurationReference = 76DC3BEC3A547447B54C32AA /* Pods-PhotoBrowser.debug.xcconfig */;
			buildSettings = {
				ASSETCATALOG_COMPILER_APPICON_NAME = AppIcon;
				DEVELOPMENT_TEAM = RWG7JD4GFH;
				INFOPLIST_FILE = PhotoBrowser/Info.plist;
				IPHONEOS_DEPLOYMENT_TARGET = 9.0;
				LD_RUNPATH_SEARCH_PATHS = "$(inherited) @executable_path/Frameworks";
				PRODUCT_BUNDLE_IDENTIFIER = "-8kuaipai.PhotoBrowser";
				PRODUCT_NAME = "$(TARGET_NAME)";
				SWIFT_VERSION = 3.0;
			};
			name = Debug;
		};
		1562AF561E9E1DF600D4DC40 /* Release */ = {
			isa = XCBuildConfiguration;
			baseConfigurationReference = 0FF7D72697890CEC5E223D9B /* Pods-PhotoBrowser.release.xcconfig */;
			buildSettings = {
				ASSETCATALOG_COMPILER_APPICON_NAME = AppIcon;
				DEVELOPMENT_TEAM = RWG7JD4GFH;
				INFOPLIST_FILE = PhotoBrowser/Info.plist;
				IPHONEOS_DEPLOYMENT_TARGET = 9.0;
				LD_RUNPATH_SEARCH_PATHS = "$(inherited) @executable_path/Frameworks";
				PRODUCT_BUNDLE_IDENTIFIER = "-8kuaipai.PhotoBrowser";
				PRODUCT_NAME = "$(TARGET_NAME)";
				SWIFT_VERSION = 3.0;
			};
			name = Release;
		};
		1562AF581E9E1DF600D4DC40 /* Debug */ = {
			isa = XCBuildConfiguration;
			buildSettings = {
				ALWAYS_EMBED_SWIFT_STANDARD_LIBRARIES = YES;
				BUNDLE_LOADER = "$(TEST_HOST)";
				INFOPLIST_FILE = PhotoBrowserTests/Info.plist;
				LD_RUNPATH_SEARCH_PATHS = "$(inherited) @executable_path/Frameworks @loader_path/Frameworks";
				PRODUCT_BUNDLE_IDENTIFIER = "-8kuaipai.PhotoBrowserTests";
				PRODUCT_NAME = "$(TARGET_NAME)";
				SWIFT_VERSION = 3.0;
				TEST_HOST = "$(BUILT_PRODUCTS_DIR)/PhotoBrowser.app/PhotoBrowser";
			};
			name = Debug;
		};
		1562AF591E9E1DF600D4DC40 /* Release */ = {
			isa = XCBuildConfiguration;
			buildSettings = {
				ALWAYS_EMBED_SWIFT_STANDARD_LIBRARIES = YES;
				BUNDLE_LOADER = "$(TEST_HOST)";
				INFOPLIST_FILE = PhotoBrowserTests/Info.plist;
				LD_RUNPATH_SEARCH_PATHS = "$(inherited) @executable_path/Frameworks @loader_path/Frameworks";
				PRODUCT_BUNDLE_IDENTIFIER = "-8kuaipai.PhotoBrowserTests";
				PRODUCT_NAME = "$(TARGET_NAME)";
				SWIFT_VERSION = 3.0;
				TEST_HOST = "$(BUILT_PRODUCTS_DIR)/PhotoBrowser.app/PhotoBrowser";
			};
			name = Release;
		};
/* End XCBuildConfiguration section */

/* Begin XCConfigurationList section */
		1562AF321E9E1DF500D4DC40 /* Build configuration list for PBXProject "PhotoBrowser" */ = {
			isa = XCConfigurationList;
			buildConfigurations = (
				1562AF521E9E1DF600D4DC40 /* Debug */,
				1562AF531E9E1DF600D4DC40 /* Release */,
			);
			defaultConfigurationIsVisible = 0;
			defaultConfigurationName = Release;
		};
		1562AF541E9E1DF600D4DC40 /* Build configuration list for PBXNativeTarget "PhotoBrowser" */ = {
			isa = XCConfigurationList;
			buildConfigurations = (
				1562AF551E9E1DF600D4DC40 /* Debug */,
				1562AF561E9E1DF600D4DC40 /* Release */,
			);
			defaultConfigurationIsVisible = 0;
			defaultConfigurationName = Release;
		};
		1562AF571E9E1DF600D4DC40 /* Build configuration list for PBXNativeTarget "PhotoBrowserTests" */ = {
			isa = XCConfigurationList;
			buildConfigurations = (
				1562AF581E9E1DF600D4DC40 /* Debug */,
				1562AF591E9E1DF600D4DC40 /* Release */,
			);
			defaultConfigurationIsVisible = 0;
			defaultConfigurationName = Release;
		};
/* End XCConfigurationList section */
	};
	rootObject = 1562AF2F1E9E1DF500D4DC40 /* Project object */;
}
